
Microsoft Visual Studio Solution File, Format Version 12.00
# Visual Studio 15
VisualStudioVersion = 15.0.28307.168
MinimumVisualStudioVersion = 10.0.40219.1
Project("{F184B08F-C81C-45F6-A57F-5ABD9991F28F}") = "WindowsApp1", "WindowsApp1\WindowsApp1.vbproj", "{5399A423-230B-4B4E-9E1A-F6A6FB7E06BA}"
EndProject
Global
	GlobalSection(SolutionConfigurationPlatforms) = preSolution
		Debug|Any CPU = Debug|Any CPU
		Release|Any CPU = Release|Any CPU
	EndGlobalSection
	GlobalSection(ProjectConfigurationPlatforms) = postSolution
		{5399A423-230B-4B4E-9E1A-F6A6FB7E06BA}.Debug|Any CPU.ActiveCfg = Debug|Any CPU
		{5399A423-230B-4B4E-9E1A-F6A6FB7E06BA}.Debug|Any CPU.Build.0 = Debug|Any CPU
		{5399A423-230B-4B4E-9E1A-F6A6FB7E06BA}.Release|Any CPU.ActiveCfg = Release|Any CPU
		{5399A423-230B-4B4E-9E1A-F6A6FB7E06BA}.Release|Any CPU.Build.0 = Release|Any CPU
	EndGlobalSection
	GlobalSection(SolutionProperties) = preSolution
		HideSolutionNode = FALSE
	EndGlobalSection
	GlobalSection(ExtensibilityGlobals) = postSolution
		SolutionGuid = {987B0780-3FB5-448C-939F-E3C5C50DF127}
	EndGlobalSection
EndGlobal
